
Microsoft Visual Studio Solution File, Format Version 12.00
# Visual Studio Version 17
VisualStudioVersion = 17.0.31903.59
MinimumVisualStudioVersion = 10.0.40219.1
Project("{9A19103F-16F7-4668-BE54-9A1E7A4F7556}") = "Common", "Common\Common.csproj", "{9F50302F-0C09-4DA1-9FA6-1A3F862C857A}"
EndProject
Project("{9A19103F-16F7-4668-BE54-9A1E7A4F7556}") = "Common.Test", "Common.Test\Common.Test.csproj", "{45E9A319-F6A5-440E-8B5B-934F1BC38ED3}"
EndProject
Project("{9A19103F-16F7-4668-BE54-9A1E7A4F7556}") = "Common.Avalonia", "Common.Avalonia\Common.Avalonia.csproj", "{CCCED5A8-678B-4D5B-BFEA-A6C0765E962F}"
EndProject
Project("{9A19103F-16F7-4668-BE54-9A1E7A4F7556}") = "Common.Avalonia.Test", "Common.Avalonia.Test\Common.Avalonia.Test.csproj", "{1B63DBD0-2749-4184-9BBF-8C79F4CEB121}"
EndProject
Global
	GlobalSection(SolutionConfigurationPlatforms) = preSolution
		Debug|Any CPU = Debug|Any CPU
		Release|Any CPU = Release|Any CPU
	EndGlobalSection
	GlobalSection(ProjectConfigurationPlatforms) = postSolution
		{9F50302F-0C09-4DA1-9FA6-1A3F862C857A}.Debug|Any CPU.ActiveCfg = Debug|Any CPU
		{9F50302F-0C09-4DA1-9FA6-1A3F862C857A}.Debug|Any CPU.Build.0 = Debug|Any CPU
		{9F50302F-0C09-4DA1-9FA6-1A3F862C857A}.Release|Any CPU.ActiveCfg = Release|Any CPU
		{9F50302F-0C09-4DA1-9FA6-1A3F862C857A}.Release|Any CPU.Build.0 = Release|Any CPU
		{45E9A319-F6A5-440E-8B5B-934F1BC38ED3}.Debug|Any CPU.ActiveCfg = Debug|Any CPU
		{45E9A319-F6A5-440E-8B5B-934F1BC38ED3}.Debug|Any CPU.Build.0 = Debug|Any CPU
		{45E9A319-F6A5-440E-8B5B-934F1BC38ED3}.Release|Any CPU.ActiveCfg = Release|Any CPU
		{45E9A319-F6A5-440E-8B5B-934F1BC38ED3}.Release|Any CPU.Build.0 = Release|Any CPU
		{CCCED5A8-678B-4D5B-BFEA-A6C0765E962F}.Debug|Any CPU.ActiveCfg = Debug|Any CPU
		{CCCED5A8-678B-4D5B-BFEA-A6C0765E962F}.Debug|Any CPU.Build.0 = Debug|Any CPU
		{CCCED5A8-678B-4D5B-BFEA-A6C0765E962F}.Release|Any CPU.ActiveCfg = Release|Any CPU
		{CCCED5A8-678B-4D5B-BFEA-A6C0765E962F}.Release|Any CPU.Build.0 = Release|Any CPU
		{1B63DBD0-2749-4184-9BBF-8C79F4CEB121}.Debug|Any CPU.ActiveCfg = Debug|Any CPU
		{1B63DBD0-2749-4184-9BBF-8C79F4CEB121}.Debug|Any CPU.Build.0 = Debug|Any CPU
		{1B63DBD0-2749-4184-9BBF-8C79F4CEB121}.Release|Any CPU.ActiveCfg = Release|Any CPU
		{1B63DBD0-2749-4184-9BBF-8C79F4CEB121}.Release|Any CPU.Build.0 = Release|Any CPU
	EndGlobalSection
	GlobalSection(SolutionProperties) = preSolution
		HideSolutionNode = FALSE
	EndGlobalSection
	GlobalSection(ExtensibilityGlobals) = postSolution
		SolutionGuid = {8BDBDE32-F504-4A51-A174-93049CF99A91}
	EndGlobalSection
EndGlobal
